{"1.2.0",
[{<<"cf">>,{pkg,<<"cf">>,<<"0.3.1">>},3},
 {<<"cowboy">>,
  {git,"https://github.com/ninenines/cowboy.git",
       {ref,"2a082504996afccf78185182cd168123800bd4f0"}},
  0},
 {<<"cowlib">>,
  {git,"https://github.com/ninenines/cowlib",
       {ref,"e9448e5628c8c1d9083223ff973af8de31a566d1"}},
  1},
 {<<"erlware_commons">>,{pkg,<<"erlware_commons">>,<<"1.5.0">>},2},
 {<<"nitro_cache">>,
  {git,"https://github.com/nitrogen/nitro_cache",
       {ref,"c92d1328acbd0a1ace6b6e85f2d9760e92ffda9a"}},
  1},
 {<<"nitrogen_core">>,
  {git,"https://github.com/nitrogen/nitrogen_core",
       {ref,"6070137f9172ca70ce125fbfb0a8a16fa7f38110"}},
  0},
 {<<"nprocreg">>,
  {git,"https://github.com/nitrogen/nprocreg",
       {ref,"7b7ae7b8d12c728158a7649defffc006670132ac"}},
  0},
 {<<"qdate">>,
  {git,"https://github.com/choptastic/qdate",
       {ref,"357b5844ebe6ec5c88b97bbdd1f50f269d75c3f1"}},
  1},
 {<<"qdate_localtime">>,{pkg,<<"qdate_localtime">>,<<"1.1.0">>},2},
 {<<"ranch">>,
  {git,"https://github.com/ninenines/ranch",
       {ref,"a692f44567034dacf5efcaa24a24183788594eb7"}},
  1},
 {<<"rekt">>,
  {git,"https://github.com/nitrogen/rekt",
       {ref,"96d49fcd3b9d03447a73ccb0bba28708d3271067"}},
  1},
 {<<"simple_bridge">>,
  {git,"https://github.com/nitrogen/simple_bridge",
       {ref,"f52c75c0cf3638905e83263bbe0fc588480a49f0"}},
  1},
 {<<"stacktrace_compat">>,
  {git,"https://github.com/g-andrade/stacktrace_compat",
       {ref,"fe6238499a216f6f94836be9ec0b3956ea5c6101"}},
  1}]}.
[
{pkg_hash,[
 {<<"cf">>, <<"5CB902239476E141EA70A740340233782D363A31EEA8AD37049561542E6CD641">>},
 {<<"erlware_commons">>, <<"918C56D8FB3BE52AF0DF138ED6E0755E764AD4467CD7D025761F7D0A17D3DEC1">>},
 {<<"qdate_localtime">>, <<"5F6C3ACF10ECC5A7E2EFA3DCD2C863102B962188DBD9E086EC01D29FE029DA29">>}]},
{pkg_hash_ext,[
 {<<"cf">>, <<"315E8D447D3A4B02BCDBFA397AD03BBB988A6E0AA6F44D3ADD0F4E3C3BF97672">>},
 {<<"erlware_commons">>, <<"3E7C6FB2BA4C29B0DD5DFE9D031B66449E2088ECEC1A81465BD9FDE05ED7D0DB">>},
 {<<"qdate_localtime">>, <<"91928E066DA6BCC745FF18B7C368347457CAF9250AD00950E9DA18E129D49EC5">>}]}
].
